
Microsoft Visual Studio Solution File, Format Version 12.00
# Visual Studio Version 16
VisualStudioVersion = 16.0.30128.74
MinimumVisualStudioVersion = 10.0.40219.1
Project("{9A19103F-16F7-4668-BE54-9A1E7A4F7556}") = "Shaparak.PaymentFacilitation.Core", "src\Shaparak.PaymentFacilitation.Core\Shaparak.PaymentFacilitation.Core.csproj", "{B8112E88-2BA1-4FAF-BD40-C673C9F67DB7}"
EndProject
Project("{2150E333-8FDC-42A3-9474-1A3956D46DE8}") = "src", "src", "{2F990476-4B34-494A-BEC0-8FD99321600D}"
EndProject
Global
	GlobalSection(SolutionConfigurationPlatforms) = preSolution
		Debug|Any CPU = Debug|Any CPU
		Release|Any CPU = Release|Any CPU
	EndGlobalSection
	GlobalSection(ProjectConfigurationPlatforms) = postSolution
		{B8112E88-2BA1-4FAF-BD40-C673C9F67DB7}.Debug|Any CPU.ActiveCfg = Debug|Any CPU
		{B8112E88-2BA1-4FAF-BD40-C673C9F67DB7}.Debug|Any CPU.Build.0 = Debug|Any CPU
		{B8112E88-2BA1-4FAF-BD40-C673C9F67DB7}.Release|Any CPU.ActiveCfg = Release|Any CPU
		{B8112E88-2BA1-4FAF-BD40-C673C9F67DB7}.Release|Any CPU.Build.0 = Release|Any CPU
	EndGlobalSection
	GlobalSection(SolutionProperties) = preSolution
		HideSolutionNode = FALSE
	EndGlobalSection
	GlobalSection(NestedProjects) = preSolution
		{B8112E88-2BA1-4FAF-BD40-C673C9F67DB7} = {2F990476-4B34-494A-BEC0-8FD99321600D}
	EndGlobalSection
	GlobalSection(ExtensibilityGlobals) = postSolution
		SolutionGuid = {3D52141B-DC3A-4521-8D9B-08B2EBB15A04}
	EndGlobalSection
EndGlobal
